
Microsoft Visual Studio Solution File, Format Version 12.00
# Visual Studio Version 17
VisualStudioVersion = 17.0.31808.319
MinimumVisualStudioVersion = 10.0.40219.1
Project("{9A19103F-16F7-4668-BE54-9A1E7A4F7556}") = "Anteam.Server", "Anteam\Server\Anteam.Server.csproj", "{8BC54B3B-2CBD-47AA-9344-496052DCA814}"
EndProject
Project("{9A19103F-16F7-4668-BE54-9A1E7A4F7556}") = "Anteam.Shared", "Anteam\Shared\Anteam.Shared.csproj", "{E5D7EF5E-15FA-46AD-9489-90E7FB9E045E}"
EndProject
Project("{9A19103F-16F7-4668-BE54-9A1E7A4F7556}") = "Anteam.Client", "Anteam\Client\Anteam.Client.csproj", "{23417398-C97E-4AF9-92E8-1BF0A4C786B9}"
EndProject
Global
	GlobalSection(SolutionConfigurationPlatforms) = preSolution
		Debug|Any CPU = Debug|Any CPU
		Release|Any CPU = Release|Any CPU
	EndGlobalSection
	GlobalSection(ProjectConfigurationPlatforms) = postSolution
		{8BC54B3B-2CBD-47AA-9344-496052DCA814}.Debug|Any CPU.ActiveCfg = Debug|Any CPU
		{8BC54B3B-2CBD-47AA-9344-496052DCA814}.Debug|Any CPU.Build.0 = Debug|Any CPU
		{8BC54B3B-2CBD-47AA-9344-496052DCA814}.Release|Any CPU.ActiveCfg = Release|Any CPU
		{8BC54B3B-2CBD-47AA-9344-496052DCA814}.Release|Any CPU.Build.0 = Release|Any CPU
		{E5D7EF5E-15FA-46AD-9489-90E7FB9E045E}.Debug|Any CPU.ActiveCfg = Debug|Any CPU
		{E5D7EF5E-15FA-46AD-9489-90E7FB9E045E}.Debug|Any CPU.Build.0 = Debug|Any CPU
		{E5D7EF5E-15FA-46AD-9489-90E7FB9E045E}.Release|Any CPU.ActiveCfg = Release|Any CPU
		{E5D7EF5E-15FA-46AD-9489-90E7FB9E045E}.Release|Any CPU.Build.0 = Release|Any CPU
		{23417398-C97E-4AF9-92E8-1BF0A4C786B9}.Debug|Any CPU.ActiveCfg = Debug|Any CPU
		{23417398-C97E-4AF9-92E8-1BF0A4C786B9}.Debug|Any CPU.Build.0 = Debug|Any CPU
		{23417398-C97E-4AF9-92E8-1BF0A4C786B9}.Release|Any CPU.ActiveCfg = Release|Any CPU
		{23417398-C97E-4AF9-92E8-1BF0A4C786B9}.Release|Any CPU.Build.0 = Release|Any CPU
	EndGlobalSection
	GlobalSection(SolutionProperties) = preSolution
		HideSolutionNode = FALSE
	EndGlobalSection
	GlobalSection(ExtensibilityGlobals) = postSolution
		SolutionGuid = {C9242C81-D989-4FFB-84A9-E7036200FED6}
	EndGlobalSection
EndGlobal
